// !$*UTF8*$!
{
	archiveVersion = 1;
	classes = {
	};
	objectVersion = 46;
	objects = {

/* Begin PBXBuildFile section */
		5C2F9B391B62249400131A83 /* main.m in Sources */ = {isa = PBXBuildFile; fileRef = 5C2F9B381B62249400131A83 /* main.m */; };
		5C2F9B3C1B62249400131A83 /* AppDelegate.m in Sources */ = {isa = PBXBuildFile; fileRef = 5C2F9B3B1B62249400131A83 /* AppDelegate.m */; };
		5C2F9B3F1B62249400131A83 /* ViewController.m in Sources */ = {isa = PBXBuildFile; fileRef = 5C2F9B3E1B62249400131A83 /* ViewController.m */; };
		5C2F9B421B62249400131A83 /* Main.storyboard in Resources */ = {isa = PBXBuildFile; fileRef = 5C2F9B401B62249400131A83 /* Main.storyboard */; };
		5C2F9B441B62249400131A83 /* Images.xcassets in Resources */ = {isa = PBXBuildFile; fileRef = 5C2F9B431B62249400131A83 /* Images.xcassets */; };
		5C2F9B471B62249400131A83 /* LaunchScreen.xib in Resources */ = {isa = PBXBuildFile; fileRef = 5C2F9B451B62249400131A83 /* LaunchScreen.xib */; };
		5C2F9B531B62249400131A83 /* JenkinsTestCITests.m in Sources */ = {isa = PBXBuildFile; fileRef = 5C2F9B521B62249400131A83 /* JenkinsTestCITests.m */; };
/* End PBXBuildFile section */

/* Begin PBXContainerItemProxy section */
		5C2F9B4D1B62249400131A83 /* PBXContainerItemProxy */ = {
			isa = PBXContainerItemProxy;
			containerPortal = 5C2F9B2B1B62249400131A83 /* Project object */;
			proxyType = 1;
			remoteGlobalIDString = 5C2F9B321B62249400131A83;
			remoteInfo = JenkinsTestCI;
		};
/* End PBXContainerItemProxy section */

/* Begin PBXFileReference section */
		5C2F9B331B62249400131A83 /* JenkinsTestCI.app */ = {isa = PBXFileReference; explicitFileType = wrapper.application; includeInIndex = 0; path = JenkinsTestCI.app; sourceTree = BUILT_PRODUCTS_DIR; };
		5C2F9B371B62249400131A83 /* Info.plist */ = {isa = PBXFileReference; lastKnownFileType = text.plist.xml; path = Info.plist; sourceTree = "<group>"; };
		5C2F9B381B62249400131A83 /* main.m */ = {isa = PBXFileReference; lastKnownFileType = sourcecode.c.objc; path = main.m; sourceTree = "<group>"; };
		5C2F9B3A1B62249400131A83 /* AppDelegate.h */ = {isa = PBXFileReference; lastKnownFileType = sourcecode.c.h; path = AppDelegate.h; sourceTree = "<group>"; };
		5C2F9B3B1B62249400131A83 /* AppDelegate.m */ = {isa = PBXFileReference; lastKnownFileType = sourcecode.c.objc; path = AppDelegate.m; sourceTree = "<group>"; };
		5C2F9B3D1B62249400131A83 /* ViewController.h */ = {isa = PBXFileReference; lastKnownFileType = sourcecode.c.h; path = ViewController.h; sourceTree = "<group>"; };
		5C2F9B3E1B62249400131A83 /* ViewController.m */ = {isa = PBXFileReference; lastKnownFileType = sourcecode.c.objc; path = ViewController.m; sourceTree = "<group>"; };
		5C2F9B411B62249400131A83 /* Base */ = {isa = PBXFileReference; lastKnownFileType = file.storyboard; name = Base; path = Base.lproj/Main.storyboard; sourceTree = "<group>"; };
		5C2F9B431B62249400131A83 /* Images.xcassets */ = {isa = PBXFileReference; lastKnownFileType = folder.assetcatalog; path = Images.xcassets; sourceTree = "<group>"; };
		5C2F9B461B62249400131A83 /* Base */ = {isa = PBXFileReference; lastKnownFileType = file.xib; name = Base; path = Base.lproj/LaunchScreen.xib; sourceTree = "<group>"; };
		5C2F9B4C1B62249400131A83 /* JenkinsTestCITests.xctest */ = {isa = PBXFileReference; explicitFileType = wrapper.cfbundle; includeInIndex = 0; path = JenkinsTestCITests.xctest; sourceTree = BUILT_PRODUCTS_DIR; };
		5C2F9B511B62249400131A83 /* Info.plist */ = {isa = PBXFileReference; lastKnownFileType = text.plist.xml; path = Info.plist; sourceTree = "<group>"; };
		5C2F9B521B62249400131A83 /* JenkinsTestCITests.m */ = {isa = PBXFileReference; lastKnownFileType = sourcecode.c.objc; path = JenkinsTestCITests.m; sourceTree = "<group>"; };
/* End PBXFileReference section */

/* Begin PBXFrameworksBuildPhase section */
		5C2F9B301B62249400131A83 /* Frameworks */ = {
			isa = PBXFrameworksBuildPhase;
			buildActionMask = 2147483647;
			files = (
			);
			runOnlyForDeploymentPostprocessing = 0;
		};
		5C2F9B491B62249400131A83 /* Frameworks */ = {
			isa = PBXFrameworksBuildPhase;
			buildActionMask = 2147483647;
			files = (
			);
			runOnlyForDeploymentPostprocessing = 0;
		};
/* End PBXFrameworksBuildPhase section */

/* Begin PBXGroup section */
		5C2F9B2A1B62249400131A83 = {
			isa = PBXGroup;
			children = (
				5C2F9B351B62249400131A83 /* JenkinsTestCI */,
				5C2F9B4F1B62249400131A83 /* JenkinsTestCITests */,
				5C2F9B341B62249400131A83 /* Products */,
			);
			sourceTree = "<group>";
		};
		5C2F9B341B62249400131A83 /* Products */ = {
			isa = PBXGroup;
			children = (
				5C2F9B331B62249400131A83 /* JenkinsTestCI.app */,
				5C2F9B4C1B62249400131A83 /* JenkinsTestCITests.xctest */,
			);
			name = Products;
			sourceTree = "<group>";
		};
		5C2F9B351B62249400131A83 /* JenkinsTestCI */ = {
			isa = PBXGroup;
			children = (
				5C2F9B3A1B62249400131A83 /* AppDelegate.h */,
				5C2F9B3B1B62249400131A83 /* AppDelegate.m */,
				5C2F9B3D1B62249400131A83 /* ViewController.h */,
				5C2F9B3E1B62249400131A83 /* ViewController.m */,
				5C2F9B401B62249400131A83 /* Main.storyboard */,
				5C2F9B431B62249400131A83 /* Images.xcassets */,
				5C2F9B451B62249400131A83 /* LaunchScreen.xib */,
				5C2F9B361B62249400131A83 /* Supporting Files */,
			);
			path = JenkinsTestCI;
			sourceTree = "<group>";
		};
		5C2F9B361B62249400131A83 /* Supporting Files */ = {
			isa = PBXGroup;
			children = (
				5C2F9B371B62249400131A83 /* Info.plist */,
				5C2F9B381B62249400131A83 /* main.m */,
			);
			name = "Supporting Files";
			sourceTree = "<group>";
		};
		5C2F9B4F1B62249400131A83 /* JenkinsTestCITests */ = {
			isa = PBXGroup;
			children = (
				5C2F9B521B62249400131A83 /* JenkinsTestCITests.m */,
				5C2F9B501B62249400131A83 /* Supporting Files */,
			);
			path = JenkinsTestCITests;
			sourceTree = "<group>";
		};
		5C2F9B501B62249400131A83 /* Supporting Files */ = {
			isa = PBXGroup;
			children = (
				5C2F9B511B62249400131A83 /* Info.plist */,
			);
			name = "Supporting Files";
			sourceTree = "<group>";
		};
/* End PBXGroup section */

/* Begin PBXNativeTarget section */
		5C2F9B321B62249400131A83 /* JenkinsTestCI */ = {
			isa = PBXNativeTarget;
			buildConfigurationList = 5C2F9B561B62249400131A83 /* Build configuration list for PBXNativeTarget "JenkinsTestCI" */;
			buildPhases = (
				5C2F9B2F1B62249400131A83 /* Sources */,
				5C2F9B301B62249400131A83 /* Frameworks */,
				5C2F9B311B62249400131A83 /* Resources */,
			);
			buildRules = (
			);
			dependencies = (
			);
			name = JenkinsTestCI;
			productName = JenkinsTestCI;
			productReference = 5C2F9B331B62249400131A83 /* JenkinsTestCI.app */;
			productType = "com.apple.product-type.application";
		};
		5C2F9B4B1B62249400131A83 /* JenkinsTestCITests */ = {
			isa = PBXNativeTarget;
			buildConfigurationList = 5C2F9B591B62249400131A83 /* Build configuration list for PBXNativeTarget "JenkinsTestCITests" */;
			buildPhases = (
				5C2F9B481B62249400131A83 /* Sources */,
				5C2F9B491B62249400131A83 /* Frameworks */,
				5C2F9B4A1B62249400131A83 /* Resources */,
			);
			buildRules = (
			);
			dependencies = (
				5C2F9B4E1B62249400131A83 /* PBXTargetDependency */,
			);
			name = JenkinsTestCITests;
			productName = JenkinsTestCITests;
			productReference = 5C2F9B4C1B62249400131A83 /* JenkinsTestCITests.xctest */;
			productType = "com.apple.product-type.bundle.unit-test";
		};
/* End PBXNativeTarget section */

/* Begin PBXProject section */
		5C2F9B2B1B62249400131A83 /* Project object */ = {
			isa = PBXProject;
			attributes = {
				LastUpgradeCheck = 0640;
				ORGANIZATIONNAME = Extentia;
				TargetAttributes = {
					5C2F9B321B62249400131A83 = {
						CreatedOnToolsVersion = 6.4;
					};
					5C2F9B4B1B62249400131A83 = {
						CreatedOnToolsVersion = 6.4;
						TestTargetID = 5C2F9B321B62249400131A83;
					};
				};
			};
			buildConfigurationList = 5C2F9B2E1B62249400131A83 /* Build configuration list for PBXProject "JenkinsTestCI" */;
			compatibilityVersion = "Xcode 3.2";
			developmentRegion = English;
			hasScannedForEncodings = 0;
			knownRegions = (
				en,
				Base,
			);
			mainGroup = 5C2F9B2A1B62249400131A83;
			productRefGroup = 5C2F9B341B62249400131A83 /* Products */;
			projectDirPath = "";
			projectRoot = "";
			targets = (
				5C2F9B321B62249400131A83 /* JenkinsTestCI */,
				5C2F9B4B1B62249400131A83 /* JenkinsTestCITests */,
			);
		};
/* End PBXProject section */

/* Begin PBXResourcesBuildPhase section */
		5C2F9B311B62249400131A83 /* Resources */ = {
			isa = PBXResourcesBuildPhase;
			buildActionMask = 2147483647;
			files = (
				5C2F9B421B62249400131A83 /* Main.storyboard in Resources */,
				5C2F9B471B62249400131A83 /* LaunchScreen.xib in Resources */,
				5C2F9B441B62249400131A83 /* Images.xcassets in Resources */,
			);
			runOnlyForDeploymentPostprocessing = 0;
		};
		5C2F9B4A1B62249400131A83 /* Resources */ = {
			isa = PBXResourcesBuildPhase;
			buildActionMask = 2147483647;
			files = (
			);
			runOnlyForDeploymentPostprocessing = 0;
		};
/* End PBXResourcesBuildPhase section */

/* Begin PBXSourcesBuildPhase section */
		5C2F9B2F1B62249400131A83 /* Sources */ = {
			isa = PBXSourcesBuildPhase;
			buildActionMask = 2147483647;
			files = (
				5C2F9B3F1B62249400131A83 /* ViewController.m in Sources */,
				5C2F9B3C1B62249400131A83 /* AppDelegate.m in Sources */,
				5C2F9B391B62249400131A83 /* main.m in Sources */,
			);
			runOnlyForDeploymentPostprocessing = 0;
		};
		5C2F9B481B62249400131A83 /* Sources */ = {
			isa = PBXSourcesBuildPhase;
			buildActionMask = 2147483647;
			files = (
				5C2F9B531B62249400131A83 /* JenkinsTestCITests.m in Sources */,
			);
			runOnlyForDeploymentPostprocessing = 0;
		};
/* End PBXSourcesBuildPhase section */

/* Begin PBXTargetDependency section */
		5C2F9B4E1B62249400131A83 /* PBXTargetDependency */ = {
			isa = PBXTargetDependency;
			target = 5C2F9B321B62249400131A83 /* JenkinsTestCI */;
			targetProxy = 5C2F9B4D1B62249400131A83 /* PBXContainerItemProxy */;
		};
/* End PBXTargetDependency section */

/* Begin PBXVariantGroup section */
		5C2F9B401B62249400131A83 /* Main.storyboard */ = {
			isa = PBXVariantGroup;
			children = (
				5C2F9B411B62249400131A83 /* Base */,
			);
			name = Main.storyboard;
			sourceTree = "<group>";
		};
		5C2F9B451B62249400131A83 /* LaunchScreen.xib */ = {
			isa = PBXVariantGroup;
			children = (
				5C2F9B461B62249400131A83 /* Base */,
			);
			name = LaunchScreen.xib;
			sourceTree = "<group>";
		};
/* End PBXVariantGroup section */

/* Begin XCBuildConfiguration section */
		5C2F9B541B62249400131A83 /* Debug */ = {
			isa = XCBuildConfiguration;
			buildSettings = {
				ALWAYS_SEARCH_USER_PATHS = NO;
				CLANG_CXX_LANGUAGE_STANDARD = "gnu++0x";
				CLANG_CXX_LIBRARY = "libc++";
				CLANG_ENABLE_MODULES = YES;
				CLANG_ENABLE_OBJC_ARC = YES;
				CLANG_WARN_BOOL_CONVERSION = YES;
				CLANG_WARN_CONSTANT_CONVERSION = YES;
				CLANG_WARN_DIRECT_OBJC_ISA_USAGE = YES_ERROR;
				CLANG_WARN_EMPTY_BODY = YES;
				CLANG_WARN_ENUM_CONVERSION = YES;
				CLANG_WARN_INT_CONVERSION = YES;
				CLANG_WARN_OBJC_ROOT_CLASS = YES_ERROR;
				CLANG_WARN_UNREACHABLE_CODE = YES;
				CLANG_WARN__DUPLICATE_METHOD_MATCH = YES;
				"CODE_SIGN_IDENTITY[sdk=iphoneos*]" = "iPhone Developer";
				COPY_PHASE_STRIP = NO;
				DEBUG_INFORMATION_FORMAT = "dwarf-with-dsym";
				ENABLE_STRICT_OBJC_MSGSEND = YES;
				GCC_C_LANGUAGE_STANDARD = gnu99;
				GCC_DYNAMIC_NO_PIC = NO;
				GCC_NO_COMMON_BLOCKS = YES;
				GCC_OPTIMIZATION_LEVEL = 0;
				GCC_PREPROCESSOR_DEFINITIONS = (
					"DEBUG=1",
					"$(inherited)",
				);
				GCC_SYMBOLS_PRIVATE_EXTERN = NO;
				GCC_WARN_64_TO_32_BIT_CONVERSION = YES;
				GCC_WARN_ABOUT_RETURN_TYPE = YES_ERROR;
				GCC_WARN_UNDECLARED_SELECTOR = YES;
				GCC_WARN_UNINITIALIZED_AUTOS = YES_AGGRESSIVE;
				GCC_WARN_UNUSED_FUNCTION = YES;
				GCC_WARN_UNUSED_VARIABLE = YES;
				IPHONEOS_DEPLOYMENT_TARGET = 8.4;
				MTL_ENABLE_DEBUG_INFO = YES;
				ONLY_ACTIVE_ARCH = YES;
				SDKROOT = iphoneos;
			};
			name = Debug;
		};
		5C2F9B551B62249400131A83 /* Release */ = {
			isa = XCBuildConfiguration;
			buildSettings = {
				ALWAYS_SEARCH_USER_PATHS = NO;
				CLANG_CXX_LANGUAGE_STANDARD = "gnu++0x";
				CLANG_CXX_LIBRARY = "libc++";
				CLANG_ENABLE_MODULES = YES;
				CLANG_ENABLE_OBJC_ARC = YES;
				CLANG_WARN_BOOL_CONVERSION = YES;
				CLANG_WARN_CONSTANT_CONVERSION = YES;
				CLANG_WARN_DIRECT_OBJC_ISA_USAGE = YES_ERROR;
				CLANG_WARN_EMPTY_BODY = YES;
				CLANG_WARN_ENUM_CONVERSION = YES;
				CLANG_WARN_INT_CONVERSION = YES;
				CLANG_WARN_OBJC_ROOT_CLASS = YES_ERROR;
				CLANG_WARN_UNREACHABLE_CODE = YES;
				CLANG_WARN__DUPLICATE_METHOD_MATCH = YES;
				"CODE_SIGN_IDENTITY[sdk=iphoneos*]" = "iPhone Developer";
				COPY_PHASE_STRIP = NO;
				DEBUG_INFORMATION_FORMAT = "dwarf-with-dsym";
				ENABLE_NS_ASSERTIONS = NO;
				ENABLE_STRICT_OBJC_MSGSEND = YES;
				GCC_C_LANGUAGE_STANDARD = gnu99;
				GCC_NO_COMMON_BLOCKS = YES;
				GCC_WARN_64_TO_32_BIT_CONVERSION = YES;
				GCC_WARN_ABOUT_RETURN_TYPE = YES_ERROR;
				GCC_WARN_UNDECLARED_SELECTOR = YES;
				GCC_WARN_UNINITIALIZED_AUTOS = YES_AGGRESSIVE;
				GCC_WARN_UNUSED_FUNCTION = YES;
				GCC_WARN_UNUSED_VARIABLE = YES;
				IPHONEOS_DEPLOYMENT_TARGET = 8.4;
				MTL_ENABLE_DEBUG_INFO = NO;
				SDKROOT = iphoneos;
				VALIDATE_PRODUCT = YES;
			};
			name = Release;
		};
		5C2F9B571B62249400131A83 /* Debug */ = {
			isa = XCBuildConfiguration;
			buildSettings = {
				ASSETCATALOG_COMPILER_APPICON_NAME = AppIcon;
				INFOPLIST_FILE = JenkinsTestCI/Info.plist;
				LD_RUNPATH_SEARCH_PATHS = "$(inherited) @executable_path/Frameworks";
				PRODUCT_NAME = "$(TARGET_NAME)";
			};
			name = Debug;
		};
		5C2F9B581B62249400131A83 /* Release */ = {
			isa = XCBuildConfiguration;
			buildSettings = {
				ASSETCATALOG_COMPILER_APPICON_NAME = AppIcon;
				INFOPLIST_FILE = JenkinsTestCI/Info.plist;
				LD_RUNPATH_SEARCH_PATHS = "$(inherited) @executable_path/Frameworks";
				PRODUCT_NAME = "$(TARGET_NAME)";
			};
			name = Release;
		};
		5C2F9B5A1B62249400131A83 /* Debug */ = {
			isa = XCBuildConfiguration;
			buildSettings = {
				BUNDLE_LOADER = "$(TEST_HOST)";
				FRAMEWORK_SEARCH_PATHS = (
					"$(SDKROOT)/Developer/Library/Frameworks",
					"$(inherited)",
				);
				GCC_PREPROCESSOR_DEFINITIONS = (
					"DEBUG=1",
					"$(inherited)",
				);
				INFOPLIST_FILE = JenkinsTestCITests/Info.plist;
				LD_RUNPATH_SEARCH_PATHS = "$(inherited) @executable_path/Frameworks @loader_path/Frameworks";
				PRODUCT_NAME = "$(TARGET_NAME)";
				TEST_HOST = "$(BUILT_PRODUCTS_DIR)/JenkinsTestCI.app/JenkinsTestCI";
			};
			name = Debug;
		};
		5C2F9B5B1B62249400131A83 /* Release */ = {
			isa = XCBuildConfiguration;
			buildSettings = {
				BUNDLE_LOADER = "$(TEST_HOST)";
				FRAMEWORK_SEARCH_PATHS = (
					"$(SDKROOT)/Developer/Library/Frameworks",
					"$(inherited)",
				);
				INFOPLIST_FILE = JenkinsTestCITests/Info.plist;
				LD_RUNPATH_SEARCH_PATHS = "$(inherited) @executable_path/Frameworks @loader_path/Frameworks";
				PRODUCT_NAME = "$(TARGET_NAME)";
				TEST_HOST = "$(BUILT_PRODUCTS_DIR)/JenkinsTestCI.app/JenkinsTestCI";
			};
			name = Release;
		};
/* End XCBuildConfiguration section */

/* Begin XCConfigurationList section */
		5C2F9B2E1B62249400131A83 /* Build configuration list for PBXProject "JenkinsTestCI" */ = {
			isa = XCConfigurationList;
			buildConfigurations = (
				5C2F9B541B62249400131A83 /* Debug */,
				5C2F9B551B62249400131A83 /* Release */,
			);
			defaultConfigurationIsVisible = 0;
			defaultConfigurationName = Release;
		};
		5C2F9B561B62249400131A83 /* Build configuration list for PBXNativeTarget "JenkinsTestCI" */ = {
			isa = XCConfigurationList;
			buildConfigurations = (
				5C2F9B571B62249400131A83 /* Debug */,
				5C2F9B581B62249400131A83 /* Release */,
			);
			defaultConfigurationIsVisible = 0;
		};
		5C2F9B591B62249400131A83 /* Build configuration list for PBXNativeTarget "JenkinsTestCITests" */ = {
			isa = XCConfigurationList;
			buildConfigurations = (
				5C2F9B5A1B62249400131A83 /* Debug */,
				5C2F9B5B1B62249400131A83 /* Release */,
			);
			defaultConfigurationIsVisible = 0;
		};
/* End XCConfigurationList section */
	};
	rootObject = 5C2F9B2B1B62249400131A83 /* Project object */;
}
